// !$*UTF8*$!
{
	archiveVersion = 1;
	classes = {
	};
	objectVersion = 46;
	objects = {

/* Begin PBXBuildFile section */
		3D125F4D1E2C54210025D44F /* TableController.swift in Sources */ = {isa = PBXBuildFile; fileRef = 3D125F4C1E2C54210025D44F /* TableController.swift */; };
		3D125F4F1E2C547D0025D44F /* BrowseController.swift in Sources */ = {isa = PBXBuildFile; fileRef = 3D125F4E1E2C547D0025D44F /* BrowseController.swift */; };
		3D125F511E2C56000025D44F /* DataSchema.swift in Sources */ = {isa = PBXBuildFile; fileRef = 3D125F501E2C56000025D44F /* DataSchema.swift */; };
		3D125F541E2C57DA0025D44F /* BaseTableCell.xib in Resources */ = {isa = PBXBuildFile; fileRef = 3D125F521E2C57DA0025D44F /* BaseTableCell.xib */; };
		3D125F551E2C57DA0025D44F /* NumericTableCell.xib in Resources */ = {isa = PBXBuildFile; fileRef = 3D125F531E2C57DA0025D44F /* NumericTableCell.xib */; };
		3D4003D71E2D0616006436C8 /* BoolTableCell.xib in Resources */ = {isa = PBXBuildFile; fileRef = 3D4003D61E2D0616006436C8 /* BoolTableCell.xib */; };
		3D4003DB1E2D1796006436C8 /* BoolTableCell.swift in Sources */ = {isa = PBXBuildFile; fileRef = 3D4003DA1E2D1796006436C8 /* BoolTableCell.swift */; };
		3D4A11C41E2BA5010046B8F2 /* AppDelegate.swift in Sources */ = {isa = PBXBuildFile; fileRef = 3D4A11C31E2BA5010046B8F2 /* AppDelegate.swift */; };
		3D4A11C61E2BA5010046B8F2 /* MainController.swift in Sources */ = {isa = PBXBuildFile; fileRef = 3D4A11C51E2BA5010046B8F2 /* MainController.swift */; };
		3D4A11C81E2BA5020046B8F2 /* Assets.xcassets in Resources */ = {isa = PBXBuildFile; fileRef = 3D4A11C71E2BA5020046B8F2 /* Assets.xcassets */; };
		3D4A11CB1E2BA5020046B8F2 /* Main.storyboard in Resources */ = {isa = PBXBuildFile; fileRef = 3D4A11C91E2BA5020046B8F2 /* Main.storyboard */; };
		3D4A11D61E2BA6440046B8F2 /* PostgreSQL.swift in Sources */ = {isa = PBXBuildFile; fileRef = 3D4A11D51E2BA6440046B8F2 /* PostgreSQL.swift */; };
		3D4A11D81E2BA8100046B8F2 /* Database.swift in Sources */ = {isa = PBXBuildFile; fileRef = 3D4A11D71E2BA8100046B8F2 /* Database.swift */; };
		3D4A11DA1E2BAFB70046B8F2 /* Server.swift in Sources */ = {isa = PBXBuildFile; fileRef = 3D4A11D91E2BAFB70046B8F2 /* Server.swift */; };
		3D4A11E11E2BC4600046B8F2 /* DataManager.swift in Sources */ = {isa = PBXBuildFile; fileRef = 3D4A11DF1E2BC4600046B8F2 /* DataManager.swift */; };
		3D4A11E21E2BC4610046B8F2 /* DataManager.xib in Resources */ = {isa = PBXBuildFile; fileRef = 3D4A11E01E2BC4600046B8F2 /* DataManager.xib */; };
		3DBE4BC21E2DAE5F0079978B /* ServerController.swift in Sources */ = {isa = PBXBuildFile; fileRef = 3DBE4BC11E2DAE5F0079978B /* ServerController.swift */; };
		3DBE4BC41E2DB73F0079978B /* Settings.txt in Resources */ = {isa = PBXBuildFile; fileRef = 3DBE4BC31E2DB73F0079978B /* Settings.txt */; };
		3DBE4BC61E2DBA790079978B /* Settings.swift in Sources */ = {isa = PBXBuildFile; fileRef = 3DBE4BC51E2DBA790079978B /* Settings.swift */; };
		3DCC5FCA1E2D86050037DCAC /* Utils.swift in Sources */ = {isa = PBXBuildFile; fileRef = 3DCC5FC91E2D86040037DCAC /* Utils.swift */; };
		3DFEFB901E2D553C00C67BEC /* SchemaController.swift in Sources */ = {isa = PBXBuildFile; fileRef = 3DFEFB8F1E2D553C00C67BEC /* SchemaController.swift */; };
/* End PBXBuildFile section */

/* Begin PBXFileReference section */
		3D125F4C1E2C54210025D44F /* TableController.swift */ = {isa = PBXFileReference; fileEncoding = 4; lastKnownFileType = sourcecode.swift; path = TableController.swift; sourceTree = "<group>"; };
		3D125F4E1E2C547D0025D44F /* BrowseController.swift */ = {isa = PBXFileReference; fileEncoding = 4; lastKnownFileType = sourcecode.swift; path = BrowseController.swift; sourceTree = "<group>"; wrapsLines = 0; };
		3D125F501E2C56000025D44F /* DataSchema.swift */ = {isa = PBXFileReference; fileEncoding = 4; lastKnownFileType = sourcecode.swift; path = DataSchema.swift; sourceTree = "<group>"; wrapsLines = 0; };
		3D125F521E2C57DA0025D44F /* BaseTableCell.xib */ = {isa = PBXFileReference; fileEncoding = 4; lastKnownFileType = file.xib; path = BaseTableCell.xib; sourceTree = "<group>"; };
		3D125F531E2C57DA0025D44F /* NumericTableCell.xib */ = {isa = PBXFileReference; fileEncoding = 4; lastKnownFileType = file.xib; path = NumericTableCell.xib; sourceTree = "<group>"; };
		3D4003D61E2D0616006436C8 /* BoolTableCell.xib */ = {isa = PBXFileReference; fileEncoding = 4; lastKnownFileType = file.xib; path = BoolTableCell.xib; sourceTree = "<group>"; };
		3D4003DA1E2D1796006436C8 /* BoolTableCell.swift */ = {isa = PBXFileReference; fileEncoding = 4; lastKnownFileType = sourcecode.swift; path = BoolTableCell.swift; sourceTree = "<group>"; };
		3D4A11C01E2BA5010046B8F2 /* DataBrowserPG.app */ = {isa = PBXFileReference; explicitFileType = wrapper.application; includeInIndex = 0; path = DataBrowserPG.app; sourceTree = BUILT_PRODUCTS_DIR; };
		3D4A11C31E2BA5010046B8F2 /* AppDelegate.swift */ = {isa = PBXFileReference; lastKnownFileType = sourcecode.swift; path = AppDelegate.swift; sourceTree = "<group>"; };
		3D4A11C51E2BA5010046B8F2 /* MainController.swift */ = {isa = PBXFileReference; lastKnownFileType = sourcecode.swift; path = MainController.swift; sourceTree = "<group>"; wrapsLines = 0; };
		3D4A11C71E2BA5020046B8F2 /* Assets.xcassets */ = {isa = PBXFileReference; lastKnownFileType = folder.assetcatalog; path = Assets.xcassets; sourceTree = "<group>"; };
		3D4A11CA1E2BA5020046B8F2 /* Base */ = {isa = PBXFileReference; lastKnownFileType = file.storyboard; name = Base; path = Base.lproj/Main.storyboard; sourceTree = "<group>"; };
		3D4A11CC1E2BA5020046B8F2 /* Info.plist */ = {isa = PBXFileReference; lastKnownFileType = text.plist.xml; path = Info.plist; sourceTree = "<group>"; };
		3D4A11D41E2BA6440046B8F2 /* module.modulemap */ = {isa = PBXFileReference; fileEncoding = 4; lastKnownFileType = "sourcecode.module-map"; path = module.modulemap; sourceTree = "<group>"; };
		3D4A11D51E2BA6440046B8F2 /* PostgreSQL.swift */ = {isa = PBXFileReference; fileEncoding = 4; lastKnownFileType = sourcecode.swift; path = PostgreSQL.swift; sourceTree = "<group>"; };
		3D4A11D71E2BA8100046B8F2 /* Database.swift */ = {isa = PBXFileReference; fileEncoding = 4; lastKnownFileType = sourcecode.swift; path = Database.swift; sourceTree = "<group>"; wrapsLines = 0; };
		3D4A11D91E2BAFB70046B8F2 /* Server.swift */ = {isa = PBXFileReference; fileEncoding = 4; lastKnownFileType = sourcecode.swift; path = Server.swift; sourceTree = "<group>"; wrapsLines = 0; };
		3D4A11DF1E2BC4600046B8F2 /* DataManager.swift */ = {isa = PBXFileReference; fileEncoding = 4; lastKnownFileType = sourcecode.swift; path = DataManager.swift; sourceTree = "<group>"; };
		3D4A11E01E2BC4600046B8F2 /* DataManager.xib */ = {isa = PBXFileReference; fileEncoding = 4; lastKnownFileType = file.xib; path = DataManager.xib; sourceTree = "<group>"; };
		3D7C51ED1E2BFCD50044049B /* ToDo.txt */ = {isa = PBXFileReference; lastKnownFileType = text; path = ToDo.txt; sourceTree = "<group>"; wrapsLines = 0; };
		3DBE4BC11E2DAE5F0079978B /* ServerController.swift */ = {isa = PBXFileReference; fileEncoding = 4; lastKnownFileType = sourcecode.swift; path = ServerController.swift; sourceTree = "<group>"; wrapsLines = 0; };
		3DBE4BC31E2DB73F0079978B /* Settings.txt */ = {isa = PBXFileReference; fileEncoding = 4; lastKnownFileType = text; path = Settings.txt; sourceTree = "<group>"; };
		3DBE4BC51E2DBA790079978B /* Settings.swift */ = {isa = PBXFileReference; fileEncoding = 4; lastKnownFileType = sourcecode.swift; path = Settings.swift; sourceTree = "<group>"; wrapsLines = 0; };
		3DCC5FC91E2D86040037DCAC /* Utils.swift */ = {isa = PBXFileReference; fileEncoding = 4; lastKnownFileType = sourcecode.swift; path = Utils.swift; sourceTree = "<group>"; };
		3DFEFB8F1E2D553C00C67BEC /* SchemaController.swift */ = {isa = PBXFileReference; fileEncoding = 4; lastKnownFileType = sourcecode.swift; path = SchemaController.swift; sourceTree = "<group>"; wrapsLines = 0; };
/* End PBXFileReference section */

/* Begin PBXFrameworksBuildPhase section */
		3D4A11BD1E2BA5010046B8F2 /* Frameworks */ = {
			isa = PBXFrameworksBuildPhase;
			buildActionMask = 2147483647;
			files = (
			);
			runOnlyForDeploymentPostprocessing = 0;
		};
/* End PBXFrameworksBuildPhase section */

/* Begin PBXGroup section */
		3D4A11B71E2BA5010046B8F2 = {
			isa = PBXGroup;
			children = (
				3D7C51ED1E2BFCD50044049B /* ToDo.txt */,
				3D4A11C21E2BA5010046B8F2 /* DataBrowserPG */,
				3D4A11D21E2BA6440046B8F2 /* Packages */,
				3D4A11C11E2BA5010046B8F2 /* Products */,
			);
			sourceTree = "<group>";
		};
		3D4A11C11E2BA5010046B8F2 /* Products */ = {
			isa = PBXGroup;
			children = (
				3D4A11C01E2BA5010046B8F2 /* DataBrowserPG.app */,
			);
			name = Products;
			sourceTree = "<group>";
		};
		3D4A11C21E2BA5010046B8F2 /* DataBrowserPG */ = {
			isa = PBXGroup;
			children = (
				3D4A11CC1E2BA5020046B8F2 /* Info.plist */,
				3D4A11C31E2BA5010046B8F2 /* AppDelegate.swift */,
				3D4A11D91E2BAFB70046B8F2 /* Server.swift */,
				3D4A11D71E2BA8100046B8F2 /* Database.swift */,
				3D125F501E2C56000025D44F /* DataSchema.swift */,
				3D4A11DF1E2BC4600046B8F2 /* DataManager.swift */,
				3D4A11E01E2BC4600046B8F2 /* DataManager.xib */,
				3D4A11C51E2BA5010046B8F2 /* MainController.swift */,
				3D4A11C91E2BA5020046B8F2 /* Main.storyboard */,
				3D4A11C71E2BA5020046B8F2 /* Assets.xcassets */,
				3DBE4BC11E2DAE5F0079978B /* ServerController.swift */,
				3D125F4C1E2C54210025D44F /* TableController.swift */,
				3D125F4E1E2C547D0025D44F /* BrowseController.swift */,
				3DFEFB8F1E2D553C00C67BEC /* SchemaController.swift */,
				3D125F521E2C57DA0025D44F /* BaseTableCell.xib */,
				3D125F531E2C57DA0025D44F /* NumericTableCell.xib */,
				3D4003D61E2D0616006436C8 /* BoolTableCell.xib */,
				3D4003DA1E2D1796006436C8 /* BoolTableCell.swift */,
				3DBE4BC51E2DBA790079978B /* Settings.swift */,
				3DBE4BC31E2DB73F0079978B /* Settings.txt */,
				3DCC5FC91E2D86040037DCAC /* Utils.swift */,
			);
			path = DataBrowserPG;
			sourceTree = "<group>";
		};
		3D4A11D21E2BA6440046B8F2 /* Packages */ = {
			isa = PBXGroup;
			children = (
				3D4A11D31E2BA6440046B8F2 /* PostgreSQL */,
			);
			path = Packages;
			sourceTree = "<group>";
		};
		3D4A11D31E2BA6440046B8F2 /* PostgreSQL */ = {
			isa = PBXGroup;
			children = (
				3D4A11D41E2BA6440046B8F2 /* module.modulemap */,
				3D4A11D51E2BA6440046B8F2 /* PostgreSQL.swift */,
			);
			path = PostgreSQL;
			sourceTree = "<group>";
		};
/* End PBXGroup section */

/* Begin PBXNativeTarget section */
		3D4A11BF1E2BA5010046B8F2 /* DataBrowserPG */ = {
			isa = PBXNativeTarget;
			buildConfigurationList = 3D4A11CF1E2BA5020046B8F2 /* Build configuration list for PBXNativeTarget "DataBrowserPG" */;
			buildPhases = (
				3D4A11BC1E2BA5010046B8F2 /* Sources */,
				3D4A11BD1E2BA5010046B8F2 /* Frameworks */,
				3D4A11BE1E2BA5010046B8F2 /* Resources */,
			);
			buildRules = (
			);
			dependencies = (
			);
			name = DataBrowserPG;
			productName = DataBrowserPG;
			productReference = 3D4A11C01E2BA5010046B8F2 /* DataBrowserPG.app */;
			productType = "com.apple.product-type.application";
		};
/* End PBXNativeTarget section */

/* Begin PBXProject section */
		3D4A11B81E2BA5010046B8F2 /* Project object */ = {
			isa = PBXProject;
			attributes = {
				LastSwiftUpdateCheck = 0800;
				LastUpgradeCheck = 0800;
				ORGANIZATIONNAME = Armonia;
				TargetAttributes = {
					3D4A11BF1E2BA5010046B8F2 = {
						CreatedOnToolsVersion = 8.0;
						ProvisioningStyle = Automatic;
					};
				};
			};
			buildConfigurationList = 3D4A11BB1E2BA5010046B8F2 /* Build configuration list for PBXProject "DataBrowserPG" */;
			compatibilityVersion = "Xcode 3.2";
			developmentRegion = English;
			hasScannedForEncodings = 0;
			knownRegions = (
				en,
				Base,
			);
			mainGroup = 3D4A11B71E2BA5010046B8F2;
			productRefGroup = 3D4A11C11E2BA5010046B8F2 /* Products */;
			projectDirPath = "";
			projectRoot = "";
			targets = (
				3D4A11BF1E2BA5010046B8F2 /* DataBrowserPG */,
			);
		};
/* End PBXProject section */

/* Begin PBXResourcesBuildPhase section */
		3D4A11BE1E2BA5010046B8F2 /* Resources */ = {
			isa = PBXResourcesBuildPhase;
			buildActionMask = 2147483647;
			files = (
				3D4A11C81E2BA5020046B8F2 /* Assets.xcassets in Resources */,
				3D125F541E2C57DA0025D44F /* BaseTableCell.xib in Resources */,
				3D125F551E2C57DA0025D44F /* NumericTableCell.xib in Resources */,
				3D4A11E21E2BC4610046B8F2 /* DataManager.xib in Resources */,
				3DBE4BC41E2DB73F0079978B /* Settings.txt in Resources */,
				3D4003D71E2D0616006436C8 /* BoolTableCell.xib in Resources */,
				3D4A11CB1E2BA5020046B8F2 /* Main.storyboard in Resources */,
			);
			runOnlyForDeploymentPostprocessing = 0;
		};
/* End PBXResourcesBuildPhase section */

/* Begin PBXSourcesBuildPhase section */
		3D4A11BC1E2BA5010046B8F2 /* Sources */ = {
			isa = PBXSourcesBuildPhase;
			buildActionMask = 2147483647;
			files = (
				3D125F511E2C56000025D44F /* DataSchema.swift in Sources */,
				3D125F4D1E2C54210025D44F /* TableController.swift in Sources */,
				3D4003DB1E2D1796006436C8 /* BoolTableCell.swift in Sources */,
				3D4A11DA1E2BAFB70046B8F2 /* Server.swift in Sources */,
				3DBE4BC61E2DBA790079978B /* Settings.swift in Sources */,
				3DBE4BC21E2DAE5F0079978B /* ServerController.swift in Sources */,
				3D4A11E11E2BC4600046B8F2 /* DataManager.swift in Sources */,
				3D4A11C61E2BA5010046B8F2 /* MainController.swift in Sources */,
				3DFEFB901E2D553C00C67BEC /* SchemaController.swift in Sources */,
				3D4A11C41E2BA5010046B8F2 /* AppDelegate.swift in Sources */,
				3D4A11D81E2BA8100046B8F2 /* Database.swift in Sources */,
				3D4A11D61E2BA6440046B8F2 /* PostgreSQL.swift in Sources */,
				3D125F4F1E2C547D0025D44F /* BrowseController.swift in Sources */,
				3DCC5FCA1E2D86050037DCAC /* Utils.swift in Sources */,
			);
			runOnlyForDeploymentPostprocessing = 0;
		};
/* End PBXSourcesBuildPhase section */

/* Begin PBXVariantGroup section */
		3D4A11C91E2BA5020046B8F2 /* Main.storyboard */ = {
			isa = PBXVariantGroup;
			children = (
				3D4A11CA1E2BA5020046B8F2 /* Base */,
			);
			name = Main.storyboard;
			sourceTree = "<group>";
		};
/* End PBXVariantGroup section */

/* Begin XCBuildConfiguration section */
		3D4A11CD1E2BA5020046B8F2 /* Debug */ = {
			isa = XCBuildConfiguration;
			buildSettings = {
				ALWAYS_SEARCH_USER_PATHS = NO;
				CLANG_ANALYZER_NONNULL = YES;
				CLANG_CXX_LANGUAGE_STANDARD = "gnu++0x";
				CLANG_CXX_LIBRARY = "libc++";
				CLANG_ENABLE_MODULES = YES;
				CLANG_ENABLE_OBJC_ARC = YES;
				CLANG_WARN_BOOL_CONVERSION = YES;
				CLANG_WARN_CONSTANT_CONVERSION = YES;
				CLANG_WARN_DIRECT_OBJC_ISA_USAGE = YES_ERROR;
				CLANG_WARN_DOCUMENTATION_COMMENTS = YES;
				CLANG_WARN_EMPTY_BODY = YES;
				CLANG_WARN_ENUM_CONVERSION = YES;
				CLANG_WARN_INFINITE_RECURSION = YES;
				CLANG_WARN_INT_CONVERSION = YES;
				CLANG_WARN_OBJC_ROOT_CLASS = YES_ERROR;
				CLANG_WARN_SUSPICIOUS_MOVES = YES;
				CLANG_WARN_UNREACHABLE_CODE = YES;
				CLANG_WARN__DUPLICATE_METHOD_MATCH = YES;
				CODE_SIGN_IDENTITY = "-";
				COPY_PHASE_STRIP = NO;
				DEBUG_INFORMATION_FORMAT = dwarf;
				ENABLE_STRICT_OBJC_MSGSEND = YES;
				ENABLE_TESTABILITY = YES;
				GCC_C_LANGUAGE_STANDARD = gnu99;
				GCC_DYNAMIC_NO_PIC = NO;
				GCC_NO_COMMON_BLOCKS = YES;
				GCC_OPTIMIZATION_LEVEL = 0;
				GCC_PREPROCESSOR_DEFINITIONS = (
					"DEBUG=1",
					"$(inherited)",
				);
				GCC_WARN_64_TO_32_BIT_CONVERSION = YES;
				GCC_WARN_ABOUT_RETURN_TYPE = YES_ERROR;
				GCC_WARN_UNDECLARED_SELECTOR = YES;
				GCC_WARN_UNINITIALIZED_AUTOS = YES_AGGRESSIVE;
				GCC_WARN_UNUSED_FUNCTION = YES;
				GCC_WARN_UNUSED_VARIABLE = YES;
				MACOSX_DEPLOYMENT_TARGET = 10.12;
				MTL_ENABLE_DEBUG_INFO = YES;
				ONLY_ACTIVE_ARCH = YES;
				SDKROOT = macosx;
				SWIFT_ACTIVE_COMPILATION_CONDITIONS = DEBUG;
				SWIFT_OPTIMIZATION_LEVEL = "-Onone";
			};
			name = Debug;
		};
		3D4A11CE1E2BA5020046B8F2 /* Release */ = {
			isa = XCBuildConfiguration;
			buildSettings = {
				ALWAYS_SEARCH_USER_PATHS = NO;
				CLANG_ANALYZER_NONNULL = YES;
				CLANG_CXX_LANGUAGE_STANDARD = "gnu++0x";
				CLANG_CXX_LIBRARY = "libc++";
				CLANG_ENABLE_MODULES = YES;
				CLANG_ENABLE_OBJC_ARC = YES;
				CLANG_WARN_BOOL_CONVERSION = YES;
				CLANG_WARN_CONSTANT_CONVERSION = YES;
				CLANG_WARN_DIRECT_OBJC_ISA_USAGE = YES_ERROR;
				CLANG_WARN_DOCUMENTATION_COMMENTS = YES;
				CLANG_WARN_EMPTY_BODY = YES;
				CLANG_WARN_ENUM_CONVERSION = YES;
				CLANG_WARN_INFINITE_RECURSION = YES;
				CLANG_WARN_INT_CONVERSION = YES;
				CLANG_WARN_OBJC_ROOT_CLASS = YES_ERROR;
				CLANG_WARN_SUSPICIOUS_MOVES = YES;
				CLANG_WARN_UNREACHABLE_CODE = YES;
				CLANG_WARN__DUPLICATE_METHOD_MATCH = YES;
				CODE_SIGN_IDENTITY = "-";
				COPY_PHASE_STRIP = NO;
				DEBUG_INFORMATION_FORMAT = "dwarf-with-dsym";
				ENABLE_NS_ASSERTIONS = NO;
				ENABLE_STRICT_OBJC_MSGSEND = YES;
				GCC_C_LANGUAGE_STANDARD = gnu99;
				GCC_NO_COMMON_BLOCKS = YES;
				GCC_WARN_64_TO_32_BIT_CONVERSION = YES;
				GCC_WARN_ABOUT_RETURN_TYPE = YES_ERROR;
				GCC_WARN_UNDECLARED_SELECTOR = YES;
				GCC_WARN_UNINITIALIZED_AUTOS = YES_AGGRESSIVE;
				GCC_WARN_UNUSED_FUNCTION = YES;
				GCC_WARN_UNUSED_VARIABLE = YES;
				MACOSX_DEPLOYMENT_TARGET = 10.12;
				MTL_ENABLE_DEBUG_INFO = NO;
				SDKROOT = macosx;
				SWIFT_OPTIMIZATION_LEVEL = "-Owholemodule";
			};
			name = Release;
		};
		3D4A11D01E2BA5020046B8F2 /* Debug */ = {
			isa = XCBuildConfiguration;
			buildSettings = {
				ASSETCATALOG_COMPILER_APPICON_NAME = AppIcon;
				COMBINE_HIDPI_IMAGES = YES;
				HEADER_SEARCH_PATHS = "$(PROJECT_DIR)/Packages/PostgreSQL";
				INFOPLIST_FILE = DataBrowserPG/Info.plist;
				LD_RUNPATH_SEARCH_PATHS = "$(inherited) @executable_path/../Frameworks";
				PRODUCT_BUNDLE_IDENTIFIER = Armonia.DataBrowserPG;
				PRODUCT_NAME = "$(TARGET_NAME)";
				SWIFT_VERSION = 3.0;
			};
			name = Debug;
		};
		3D4A11D11E2BA5020046B8F2 /* Release */ = {
			isa = XCBuildConfiguration;
			buildSettings = {
				ASSETCATALOG_COMPILER_APPICON_NAME = AppIcon;
				COMBINE_HIDPI_IMAGES = YES;
				HEADER_SEARCH_PATHS = "$(PROJECT_DIR)/Packages/PostgreSQL";
				INFOPLIST_FILE = DataBrowserPG/Info.plist;
				LD_RUNPATH_SEARCH_PATHS = "$(inherited) @executable_path/../Frameworks";
				PRODUCT_BUNDLE_IDENTIFIER = Armonia.DataBrowserPG;
				PRODUCT_NAME = "$(TARGET_NAME)";
				SWIFT_VERSION = 3.0;
			};
			name = Release;
		};
/* End XCBuildConfiguration section */

/* Begin XCConfigurationList section */
		3D4A11BB1E2BA5010046B8F2 /* Build configuration list for PBXProject "DataBrowserPG" */ = {
			isa = XCConfigurationList;
			buildConfigurations = (
				3D4A11CD1E2BA5020046B8F2 /* Debug */,
				3D4A11CE1E2BA5020046B8F2 /* Release */,
			);
			defaultConfigurationIsVisible = 0;
			defaultConfigurationName = Release;
		};
		3D4A11CF1E2BA5020046B8F2 /* Build configuration list for PBXNativeTarget "DataBrowserPG" */ = {
			isa = XCConfigurationList;
			buildConfigurations = (
				3D4A11D01E2BA5020046B8F2 /* Debug */,
				3D4A11D11E2BA5020046B8F2 /* Release */,
			);
			defaultConfigurationIsVisible = 0;
			defaultConfigurationName = Release;
		};
/* End XCConfigurationList section */
	};
	rootObject = 3D4A11B81E2BA5010046B8F2 /* Project object */;
}
